// !$*UTF8*$!
{
	archiveVersion = 1;
	classes = {
	};
	objectVersion = 46;
	objects = {

/* Begin PBXBuildFile section */
		0F41DC0D1559BA25003FB9D0 /* Icon.png in Resources */ = {isa = PBXBuildFile; fileRef = 0F41DC0B1559BA25003FB9D0 /* Icon.png */; };
		0F41DC0E1559BA25003FB9D0 /* Icon@2x.png in Resources */ = {isa = PBXBuildFile; fileRef = 0F41DC0C1559BA25003FB9D0 /* Icon@2x.png */; };
		0F697E9A1554B04000F9858D /* Default.png in Resources */ = {isa = PBXBuildFile; fileRef = 0F697E961554B04000F9858D /* Default.png */; };
		0F697E9B1554B04000F9858D /* Default@2x.png in Resources */ = {isa = PBXBuildFile; fileRef = 0F697E971554B04000F9858D /* Default@2x.png */; };
		0FE4891614FEFD5500F3F1F9 /* JSONKit.m in Sources */ = {isa = PBXBuildFile; fileRef = 0FE4891514FEFD5500F3F1F9 /* JSONKit.m */; settings = {COMPILER_FLAGS = "-fno-objc-arc"; }; };
		493B86A114930FA0000AC7DD /* CoreLocation.framework in Frameworks */ = {isa = PBXBuildFile; fileRef = 493B86A014930FA0000AC7DD /* CoreLocation.framework */; };
		493C097D149D8BE300F2D05A /* CoreFoundation.framework in Frameworks */ = {isa = PBXBuildFile; fileRef = 493C097C149D8BE300F2D05A /* CoreFoundation.framework */; };
		496F6E42149DEED100FD050F /* libsqlite3.dylib in Frameworks */ = {isa = PBXBuildFile; fileRef = 496F6E41149DEED100FD050F /* libsqlite3.dylib */; };
		497120D11490755C0046BDA3 /* UIKit.framework in Frameworks */ = {isa = PBXBuildFile; fileRef = 497120D01490755B0046BDA3 /* UIKit.framework */; };
		497120D31490755C0046BDA3 /* Foundation.framework in Frameworks */ = {isa = PBXBuildFile; fileRef = 497120D21490755C0046BDA3 /* Foundation.framework */; };
		497120D51490755C0046BDA3 /* CoreGraphics.framework in Frameworks */ = {isa = PBXBuildFile; fileRef = 497120D41490755C0046BDA3 /* CoreGraphics.framework */; };
		497120DB1490755C0046BDA3 /* InfoPlist.strings in Resources */ = {isa = PBXBuildFile; fileRef = 497120D91490755C0046BDA3 /* InfoPlist.strings */; };
		497120DD1490755C0046BDA3 /* main.m in Sources */ = {isa = PBXBuildFile; fileRef = 497120DC1490755C0046BDA3 /* main.m */; };
		497120E11490755C0046BDA3 /* TrackerSampleAppDelegate.m in Sources */ = {isa = PBXBuildFile; fileRef = 497120E01490755C0046BDA3 /* TrackerSampleAppDelegate.m */; };
		497120E41490755C0046BDA3 /* TrackerSampleViewController.m in Sources */ = {isa = PBXBuildFile; fileRef = 497120E31490755C0046BDA3 /* TrackerSampleViewController.m */; };
		497120F21490755C0046BDA3 /* SenTestingKit.framework in Frameworks */ = {isa = PBXBuildFile; fileRef = 497120F11490755C0046BDA3 /* SenTestingKit.framework */; };
		497120F31490755C0046BDA3 /* UIKit.framework in Frameworks */ = {isa = PBXBuildFile; fileRef = 497120D01490755B0046BDA3 /* UIKit.framework */; };
		497120F41490755C0046BDA3 /* Foundation.framework in Frameworks */ = {isa = PBXBuildFile; fileRef = 497120D21490755C0046BDA3 /* Foundation.framework */; };
		497120FC1490755C0046BDA3 /* InfoPlist.strings in Resources */ = {isa = PBXBuildFile; fileRef = 497120FA1490755C0046BDA3 /* InfoPlist.strings */; };
		497120FF1490755C0046BDA3 /* TrackerSampleTests.m in Sources */ = {isa = PBXBuildFile; fileRef = 497120FE1490755C0046BDA3 /* TrackerSampleTests.m */; };
		49E265D514C3949C00B19D71 /* TrackerSampleViewController.xib in Resources */ = {isa = PBXBuildFile; fileRef = 49E265D314C3949C00B19D71 /* TrackerSampleViewController.xib */; };
/* End PBXBuildFile section */

/* Begin PBXContainerItemProxy section */
		497120F51490755C0046BDA3 /* PBXContainerItemProxy */ = {
			isa = PBXContainerItemProxy;
			containerPortal = 497120C31490755B0046BDA3 /* Project object */;
			proxyType = 1;
			remoteGlobalIDString = 497120CB1490755B0046BDA3;
			remoteInfo = TrackerSample;
		};
/* End PBXContainerItemProxy section */

/* Begin PBXFileReference section */
		0F41DC0B1559BA25003FB9D0 /* Icon.png */ = {isa = PBXFileReference; lastKnownFileType = image.png; path = Icon.png; sourceTree = "<group>"; };
		0F41DC0C1559BA25003FB9D0 /* Icon@2x.png */ = {isa = PBXFileReference; lastKnownFileType = image.png; path = "Icon@2x.png"; sourceTree = "<group>"; };
		0F697E961554B04000F9858D /* Default.png */ = {isa = PBXFileReference; lastKnownFileType = image.png; path = Default.png; sourceTree = "<group>"; };
		0F697E971554B04000F9858D /* Default@2x.png */ = {isa = PBXFileReference; lastKnownFileType = image.png; path = "Default@2x.png"; sourceTree = "<group>"; };
		0FE4891414FEFD5500F3F1F9 /* JSONKit.h */ = {isa = PBXFileReference; fileEncoding = 4; lastKnownFileType = sourcecode.c.h; name = JSONKit.h; path = JSONKit/JSONKit.h; sourceTree = SOURCE_ROOT; };
		0FE4891514FEFD5500F3F1F9 /* JSONKit.m */ = {isa = PBXFileReference; fileEncoding = 4; lastKnownFileType = sourcecode.c.objc; name = JSONKit.m; path = JSONKit/JSONKit.m; sourceTree = SOURCE_ROOT; };
		493B86A014930FA0000AC7DD /* CoreLocation.framework */ = {isa = PBXFileReference; lastKnownFileType = wrapper.framework; name = CoreLocation.framework; path = System/Library/Frameworks/CoreLocation.framework; sourceTree = SDKROOT; };
		493C097C149D8BE300F2D05A /* CoreFoundation.framework */ = {isa = PBXFileReference; lastKnownFileType = wrapper.framework; name = CoreFoundation.framework; path = System/Library/Frameworks/CoreFoundation.framework; sourceTree = SDKROOT; };
		496F6E41149DEED100FD050F /* libsqlite3.dylib */ = {isa = PBXFileReference; lastKnownFileType = "compiled.mach-o.dylib"; name = libsqlite3.dylib; path = usr/lib/libsqlite3.dylib; sourceTree = SDKROOT; };
		497120CC1490755B0046BDA3 /* TrackerSample.app */ = {isa = PBXFileReference; explicitFileType = wrapper.application; includeInIndex = 0; path = TrackerSample.app; sourceTree = BUILT_PRODUCTS_DIR; };
		497120D01490755B0046BDA3 /* UIKit.framework */ = {isa = PBXFileReference; lastKnownFileType = wrapper.framework; name = UIKit.framework; path = System/Library/Frameworks/UIKit.framework; sourceTree = SDKROOT; };
		497120D21490755C0046BDA3 /* Foundation.framework */ = {isa = PBXFileReference; lastKnownFileType = wrapper.framework; name = Foundation.framework; path = System/Library/Frameworks/Foundation.framework; sourceTree = SDKROOT; };
		497120D41490755C0046BDA3 /* CoreGraphics.framework */ = {isa = PBXFileReference; lastKnownFileType = wrapper.framework; name = CoreGraphics.framework; path = System/Library/Frameworks/CoreGraphics.framework; sourceTree = SDKROOT; };
		497120D81490755C0046BDA3 /* TrackerSample-Info.plist */ = {isa = PBXFileReference; lastKnownFileType = text.plist.xml; path = "TrackerSample-Info.plist"; sourceTree = "<group>"; };
		497120DA1490755C0046BDA3 /* en */ = {isa = PBXFileReference; lastKnownFileType = text.plist.strings; name = en; path = en.lproj/InfoPlist.strings; sourceTree = "<group>"; };
		497120DC1490755C0046BDA3 /* main.m */ = {isa = PBXFileReference; lastKnownFileType = sourcecode.c.objc; path = main.m; sourceTree = "<group>"; };
		497120DE1490755C0046BDA3 /* TrackerSample-Prefix.pch */ = {isa = PBXFileReference; lastKnownFileType = sourcecode.c.h; path = "TrackerSample-Prefix.pch"; sourceTree = "<group>"; };
		497120DF1490755C0046BDA3 /* TrackerSampleAppDelegate.h */ = {isa = PBXFileReference; lastKnownFileType = sourcecode.c.h; path = TrackerSampleAppDelegate.h; sourceTree = "<group>"; };
		497120E01490755C0046BDA3 /* TrackerSampleAppDelegate.m */ = {isa = PBXFileReference; lastKnownFileType = sourcecode.c.objc; path = TrackerSampleAppDelegate.m; sourceTree = "<group>"; };
		497120E21490755C0046BDA3 /* TrackerSampleViewController.h */ = {isa = PBXFileReference; lastKnownFileType = sourcecode.c.h; path = TrackerSampleViewController.h; sourceTree = "<group>"; };
		497120E31490755C0046BDA3 /* TrackerSampleViewController.m */ = {isa = PBXFileReference; lastKnownFileType = sourcecode.c.objc; path = TrackerSampleViewController.m; sourceTree = "<group>"; };
		497120F01490755C0046BDA3 /* TrackerSampleTests.octest */ = {isa = PBXFileReference; explicitFileType = wrapper.cfbundle; includeInIndex = 0; path = TrackerSampleTests.octest; sourceTree = BUILT_PRODUCTS_DIR; };
		497120F11490755C0046BDA3 /* SenTestingKit.framework */ = {isa = PBXFileReference; lastKnownFileType = wrapper.framework; name = SenTestingKit.framework; path = Library/Frameworks/SenTestingKit.framework; sourceTree = DEVELOPER_DIR; };
		497120F91490755C0046BDA3 /* TrackerSampleTests-Info.plist */ = {isa = PBXFileReference; lastKnownFileType = text.plist.xml; path = "TrackerSampleTests-Info.plist"; sourceTree = "<group>"; };
		497120FB1490755C0046BDA3 /* en */ = {isa = PBXFileReference; lastKnownFileType = text.plist.strings; name = en; path = en.lproj/InfoPlist.strings; sourceTree = "<group>"; };
		497120FD1490755C0046BDA3 /* TrackerSampleTests.h */ = {isa = PBXFileReference; lastKnownFileType = sourcecode.c.h; path = TrackerSampleTests.h; sourceTree = "<group>"; };
		497120FE1490755C0046BDA3 /* TrackerSampleTests.m */ = {isa = PBXFileReference; lastKnownFileType = sourcecode.c.objc; path = TrackerSampleTests.m; sourceTree = "<group>"; };
		49A878E2149D34D200B7D168 /* LQConfig.h */ = {isa = PBXFileReference; fileEncoding = 4; lastKnownFileType = sourcecode.c.h; path = LQConfig.h; sourceTree = "<group>"; };
		49E265D414C3949C00B19D71 /* en */ = {isa = PBXFileReference; lastKnownFileType = file.xib; name = en; path = en.lproj/TrackerSampleViewController.xib; sourceTree = "<group>"; };
/* End PBXFileReference section */

/* Begin PBXFrameworksBuildPhase section */
		497120C91490755B0046BDA3 /* Frameworks */ = {
			isa = PBXFrameworksBuildPhase;
			buildActionMask = 2147483647;
			files = (
				496F6E42149DEED100FD050F /* libsqlite3.dylib in Frameworks */,
				493C097D149D8BE300F2D05A /* CoreFoundation.framework in Frameworks */,
				493B86A114930FA0000AC7DD /* CoreLocation.framework in Frameworks */,
				497120D11490755C0046BDA3 /* UIKit.framework in Frameworks */,
				497120D31490755C0046BDA3 /* Foundation.framework in Frameworks */,
				497120D51490755C0046BDA3 /* CoreGraphics.framework in Frameworks */,
			);
			runOnlyForDeploymentPostprocessing = 0;
		};
		497120EC1490755C0046BDA3 /* Frameworks */ = {
			isa = PBXFrameworksBuildPhase;
			buildActionMask = 2147483647;
			files = (
				497120F21490755C0046BDA3 /* SenTestingKit.framework in Frameworks */,
				497120F31490755C0046BDA3 /* UIKit.framework in Frameworks */,
				497120F41490755C0046BDA3 /* Foundation.framework in Frameworks */,
			);
			runOnlyForDeploymentPostprocessing = 0;
		};
/* End PBXFrameworksBuildPhase section */

/* Begin PBXGroup section */
		0FE488FC14FECB0400F3F1F9 /* JSONKit */ = {
			isa = PBXGroup;
			children = (
				0FE4891414FEFD5500F3F1F9 /* JSONKit.h */,
				0FE4891514FEFD5500F3F1F9 /* JSONKit.m */,
			);
			name = JSONKit;
			sourceTree = "<group>";
		};
		497120C11490755B0046BDA3 = {
			isa = PBXGroup;
			children = (
				497120D61490755C0046BDA3 /* TrackerSample */,
				497120F71490755C0046BDA3 /* TrackerSampleTests */,
				497120CF1490755B0046BDA3 /* Frameworks */,
				497120CD1490755B0046BDA3 /* Products */,
			);
			sourceTree = "<group>";
		};
		497120CD1490755B0046BDA3 /* Products */ = {
			isa = PBXGroup;
			children = (
				497120CC1490755B0046BDA3 /* TrackerSample.app */,
				497120F01490755C0046BDA3 /* TrackerSampleTests.octest */,
			);
			name = Products;
			sourceTree = "<group>";
		};
		497120CF1490755B0046BDA3 /* Frameworks */ = {
			isa = PBXGroup;
			children = (
				496F6E41149DEED100FD050F /* libsqlite3.dylib */,
				493C097C149D8BE300F2D05A /* CoreFoundation.framework */,
				493B86A014930FA0000AC7DD /* CoreLocation.framework */,
				497120D01490755B0046BDA3 /* UIKit.framework */,
				497120D21490755C0046BDA3 /* Foundation.framework */,
				497120D41490755C0046BDA3 /* CoreGraphics.framework */,
				497120F11490755C0046BDA3 /* SenTestingKit.framework */,
			);
			name = Frameworks;
			sourceTree = "<group>";
		};
		497120D61490755C0046BDA3 /* TrackerSample */ = {
			isa = PBXGroup;
			children = (
				0FE488FC14FECB0400F3F1F9 /* JSONKit */,
				49A878E2149D34D200B7D168 /* LQConfig.h */,
				497120DF1490755C0046BDA3 /* TrackerSampleAppDelegate.h */,
				497120E01490755C0046BDA3 /* TrackerSampleAppDelegate.m */,
				497120E21490755C0046BDA3 /* TrackerSampleViewController.h */,
				497120E31490755C0046BDA3 /* TrackerSampleViewController.m */,
				49E265D314C3949C00B19D71 /* TrackerSampleViewController.xib */,
				497120D71490755C0046BDA3 /* Supporting Files */,
			);
			path = TrackerSample;
			sourceTree = "<group>";
		};
		497120D71490755C0046BDA3 /* Supporting Files */ = {
			isa = PBXGroup;
			children = (
				0F697E961554B04000F9858D /* Default.png */,
				0F697E971554B04000F9858D /* Default@2x.png */,
				0F41DC0B1559BA25003FB9D0 /* Icon.png */,
				0F41DC0C1559BA25003FB9D0 /* Icon@2x.png */,
				497120D81490755C0046BDA3 /* TrackerSample-Info.plist */,
				497120D91490755C0046BDA3 /* InfoPlist.strings */,
				497120DC1490755C0046BDA3 /* main.m */,
				497120DE1490755C0046BDA3 /* TrackerSample-Prefix.pch */,
			);
			name = "Supporting Files";
			sourceTree = "<group>";
		};
		497120F71490755C0046BDA3 /* TrackerSampleTests */ = {
			isa = PBXGroup;
			children = (
				497120FD1490755C0046BDA3 /* TrackerSampleTests.h */,
				497120FE1490755C0046BDA3 /* TrackerSampleTests.m */,
				497120F81490755C0046BDA3 /* Supporting Files */,
			);
			path = TrackerSampleTests;
			sourceTree = "<group>";
		};
		497120F81490755C0046BDA3 /* Supporting Files */ = {
			isa = PBXGroup;
			children = (
				497120F91490755C0046BDA3 /* TrackerSampleTests-Info.plist */,
				497120FA1490755C0046BDA3 /* InfoPlist.strings */,
			);
			name = "Supporting Files";
			sourceTree = "<group>";
		};
/* End PBXGroup section */

/* Begin PBXNativeTarget section */
		497120CB1490755B0046BDA3 /* TrackerSample */ = {
			isa = PBXNativeTarget;
			buildConfigurationList = 497121021490755C0046BDA3 /* Build configuration list for PBXNativeTarget "TrackerSample" */;
			buildPhases = (
				497120C81490755B0046BDA3 /* Sources */,
				497120C91490755B0046BDA3 /* Frameworks */,
				497120CA1490755B0046BDA3 /* Resources */,
			);
			buildRules = (
			);
			dependencies = (
			);
			name = TrackerSample;
			productName = TrackerSample;
			productReference = 497120CC1490755B0046BDA3 /* TrackerSample.app */;
			productType = "com.apple.product-type.application";
		};
		497120EF1490755C0046BDA3 /* TrackerSampleTests */ = {
			isa = PBXNativeTarget;
			buildConfigurationList = 497121051490755C0046BDA3 /* Build configuration list for PBXNativeTarget "TrackerSampleTests" */;
			buildPhases = (
				497120EB1490755C0046BDA3 /* Sources */,
				497120EC1490755C0046BDA3 /* Frameworks */,
				497120ED1490755C0046BDA3 /* Resources */,
				497120EE1490755C0046BDA3 /* ShellScript */,
			);
			buildRules = (
			);
			dependencies = (
				497120F61490755C0046BDA3 /* PBXTargetDependency */,
			);
			name = TrackerSampleTests;
			productName = TrackerSampleTests;
			productReference = 497120F01490755C0046BDA3 /* TrackerSampleTests.octest */;
			productType = "com.apple.product-type.bundle";
		};
/* End PBXNativeTarget section */

/* Begin PBXProject section */
		497120C31490755B0046BDA3 /* Project object */ = {
			isa = PBXProject;
			attributes = {
				LastUpgradeCheck = 0420;
				ORGANIZATIONNAME = Geoloqi;
			};
			buildConfigurationList = 497120C61490755B0046BDA3 /* Build configuration list for PBXProject "TrackerSample" */;
			compatibilityVersion = "Xcode 3.2";
			developmentRegion = English;
			hasScannedForEncodings = 0;
			knownRegions = (
				en,
			);
			mainGroup = 497120C11490755B0046BDA3;
			productRefGroup = 497120CD1490755B0046BDA3 /* Products */;
			projectDirPath = "";
			projectRoot = "";
			targets = (
				497120CB1490755B0046BDA3 /* TrackerSample */,
				497120EF1490755C0046BDA3 /* TrackerSampleTests */,
			);
		};
/* End PBXProject section */

/* Begin PBXResourcesBuildPhase section */
		497120CA1490755B0046BDA3 /* Resources */ = {
			isa = PBXResourcesBuildPhase;
			buildActionMask = 2147483647;
			files = (
				497120DB1490755C0046BDA3 /* InfoPlist.strings in Resources */,
				49E265D514C3949C00B19D71 /* TrackerSampleViewController.xib in Resources */,
				0F697E9A1554B04000F9858D /* Default.png in Resources */,
				0F697E9B1554B04000F9858D /* Default@2x.png in Resources */,
				0F41DC0D1559BA25003FB9D0 /* Icon.png in Resources */,
				0F41DC0E1559BA25003FB9D0 /* Icon@2x.png in Resources */,
			);
			runOnlyForDeploymentPostprocessing = 0;
		};
		497120ED1490755C0046BDA3 /* Resources */ = {
			isa = PBXResourcesBuildPhase;
			buildActionMask = 2147483647;
			files = (
				497120FC1490755C0046BDA3 /* InfoPlist.strings in Resources */,
			);
			runOnlyForDeploymentPostprocessing = 0;
		};
/* End PBXResourcesBuildPhase section */

/* Begin PBXShellScriptBuildPhase section */
		497120EE1490755C0046BDA3 /* ShellScript */ = {
			isa = PBXShellScriptBuildPhase;
			buildActionMask = 2147483647;
			files = (
			);
			inputPaths = (
			);
			outputPaths = (
			);
			runOnlyForDeploymentPostprocessing = 0;
			shellPath = /bin/sh;
			shellScript = "# Run the unit tests in this test bundle.\n\"${SYSTEM_DEVELOPER_DIR}/Tools/RunUnitTests\"\n";
		};
/* End PBXShellScriptBuildPhase section */

/* Begin PBXSourcesBuildPhase section */
		497120C81490755B0046BDA3 /* Sources */ = {
			isa = PBXSourcesBuildPhase;
			buildActionMask = 2147483647;
			files = (
				497120DD1490755C0046BDA3 /* main.m in Sources */,
				497120E11490755C0046BDA3 /* TrackerSampleAppDelegate.m in Sources */,
				497120E41490755C0046BDA3 /* TrackerSampleViewController.m in Sources */,
				0FE4891614FEFD5500F3F1F9 /* JSONKit.m in Sources */,
			);
			runOnlyForDeploymentPostprocessing = 0;
		};
		497120EB1490755C0046BDA3 /* Sources */ = {
			isa = PBXSourcesBuildPhase;
			buildActionMask = 2147483647;
			files = (
				497120FF1490755C0046BDA3 /* TrackerSampleTests.m in Sources */,
			);
			runOnlyForDeploymentPostprocessing = 0;
		};
/* End PBXSourcesBuildPhase section */

/* Begin PBXTargetDependency section */
		497120F61490755C0046BDA3 /* PBXTargetDependency */ = {
			isa = PBXTargetDependency;
			target = 497120CB1490755B0046BDA3 /* TrackerSample */;
			targetProxy = 497120F51490755C0046BDA3 /* PBXContainerItemProxy */;
		};
/* End PBXTargetDependency section */

/* Begin PBXVariantGroup section */
		497120D91490755C0046BDA3 /* InfoPlist.strings */ = {
			isa = PBXVariantGroup;
			children = (
				497120DA1490755C0046BDA3 /* en */,
			);
			name = InfoPlist.strings;
			sourceTree = "<group>";
		};
		497120FA1490755C0046BDA3 /* InfoPlist.strings */ = {
			isa = PBXVariantGroup;
			children = (
				497120FB1490755C0046BDA3 /* en */,
			);
			name = InfoPlist.strings;
			sourceTree = "<group>";
		};
		49E265D314C3949C00B19D71 /* TrackerSampleViewController.xib */ = {
			isa = PBXVariantGroup;
			children = (
				49E265D414C3949C00B19D71 /* en */,
			);
			name = TrackerSampleViewController.xib;
			sourceTree = "<group>";
		};
/* End PBXVariantGroup section */

/* Begin XCBuildConfiguration section */
		497121001490755C0046BDA3 /* Debug */ = {
			isa = XCBuildConfiguration;
			buildSettings = {
				ALWAYS_SEARCH_USER_PATHS = NO;
				ARCHS = "$(ARCHS_STANDARD_32_BIT)";
				CLANG_ENABLE_OBJC_ARC = YES;
				CLANG_WARN_OBJCPP_ARC_ABI = YES;
				"CODE_SIGN_IDENTITY[sdk=iphoneos*]" = "iPhone Developer: Aaron Parecki (UR6C55S2E6)";
				COPY_PHASE_STRIP = NO;
				GCC_C_LANGUAGE_STANDARD = gnu99;
				GCC_DYNAMIC_NO_PIC = NO;
				GCC_OPTIMIZATION_LEVEL = 0;
				GCC_PREPROCESSOR_DEFINITIONS = (
					"DEBUG=1",
					"$(inherited)",
				);
				GCC_SYMBOLS_PRIVATE_EXTERN = NO;
				GCC_VERSION = com.apple.compilers.llvm.clang.1_0;
				GCC_WARN_ABOUT_MISSING_PROTOTYPES = YES;
				GCC_WARN_ABOUT_RETURN_TYPE = YES;
				GCC_WARN_UNUSED_VARIABLE = YES;
				HEADER_SEARCH_PATHS = ../;
				IPHONEOS_DEPLOYMENT_TARGET = 5.0;
				OTHER_LDFLAGS = (
					"-all_load",
					"-ObjC",
				);
				"PROVISIONING_PROFILE[sdk=iphoneos*]" = "BD773A46-8B71-4ACE-A91B-35A2D89A777A";
				SDKROOT = iphoneos;
				TARGETED_DEVICE_FAMILY = "1,2";
			};
			name = Debug;
		};
		497121011490755C0046BDA3 /* Release */ = {
			isa = XCBuildConfiguration;
			buildSettings = {
				ALWAYS_SEARCH_USER_PATHS = NO;
				ARCHS = "$(ARCHS_STANDARD_32_BIT)";
				CLANG_ENABLE_OBJC_ARC = YES;
				CLANG_WARN_OBJCPP_ARC_ABI = YES;
				"CODE_SIGN_IDENTITY[sdk=iphoneos*]" = "iPhone Developer";
				COPY_PHASE_STRIP = YES;
				GCC_C_LANGUAGE_STANDARD = gnu99;
				GCC_VERSION = com.apple.compilers.llvm.clang.1_0;
				GCC_WARN_ABOUT_MISSING_PROTOTYPES = YES;
				GCC_WARN_ABOUT_RETURN_TYPE = YES;
				GCC_WARN_UNUSED_VARIABLE = YES;
				HEADER_SEARCH_PATHS = ../;
				IPHONEOS_DEPLOYMENT_TARGET = 5.0;
				OTHER_CFLAGS = "-DNS_BLOCK_ASSERTIONS=1";
				OTHER_LDFLAGS = (
					"-all_load",
					"-ObjC",
				);
				SDKROOT = iphoneos;
				TARGETED_DEVICE_FAMILY = "1,2";
				VALIDATE_PRODUCT = YES;
			};
			name = Release;
		};
		497121031490755C0046BDA3 /* Debug */ = {
			isa = XCBuildConfiguration;
			buildSettings = {
				ARCHS = (
					armv6,
					"$(ARCHS_STANDARD_32_BIT)",
				);
				CLANG_ENABLE_OBJC_ARC = YES;
				"CODE_SIGN_IDENTITY[sdk=iphoneos*]" = "iPhone Developer: Aaron Parecki (UR6C55S2E6)";
				GCC_PRECOMPILE_PREFIX_HEADER = YES;
				GCC_PREFIX_HEADER = "TrackerSample/TrackerSample-Prefix.pch";
				HEADER_SEARCH_PATHS = "\"$(SRCROOT)/../\"";
				INFOPLIST_FILE = "TrackerSample/TrackerSample-Info.plist";
				IPHONEOS_DEPLOYMENT_TARGET = 4.1;
				LIBRARY_SEARCH_PATHS = "\"$(SRCROOT)/../GeoloqiSDK\"";
				OTHER_LDFLAGS = (
					"-lGeoloqi-$(CONFIGURATION)",
					"-ObjC",
				);
				PRODUCT_NAME = "$(TARGET_NAME)";
				"PROVISIONING_PROFILE[sdk=iphoneos*]" = "BD773A46-8B71-4ACE-A91B-35A2D89A777A";
				WRAPPER_EXTENSION = app;
			};
			name = Debug;
		};
		497121041490755C0046BDA3 /* Release */ = {
			isa = XCBuildConfiguration;
			buildSettings = {
				ARCHS = (
					armv6,
					"$(ARCHS_STANDARD_32_BIT)",
				);
				CLANG_ENABLE_OBJC_ARC = YES;
				GCC_PRECOMPILE_PREFIX_HEADER = YES;
				GCC_PREFIX_HEADER = "TrackerSample/TrackerSample-Prefix.pch";
				HEADER_SEARCH_PATHS = "\"$(SRCROOT)/../\"";
				INFOPLIST_FILE = "TrackerSample/TrackerSample-Info.plist";
				IPHONEOS_DEPLOYMENT_TARGET = 4.1;
				LIBRARY_SEARCH_PATHS = "\"$(SRCROOT)/../GeoloqiSDK\"";
				OTHER_LDFLAGS = (
					"-lGeoloqi-$(CONFIGURATION)",
					"-ObjC",
				);
				PRODUCT_NAME = "$(TARGET_NAME)";
				WRAPPER_EXTENSION = app;
			};
			name = Release;
		};
		497121061490755C0046BDA3 /* Debug */ = {
			isa = XCBuildConfiguration;
			buildSettings = {
				BUNDLE_LOADER = "$(BUILT_PRODUCTS_DIR)/TrackerSample.app/TrackerSample";
				FRAMEWORK_SEARCH_PATHS = (
					"$(SDKROOT)/Developer/Library/Frameworks",
					"$(DEVELOPER_LIBRARY_DIR)/Frameworks",
				);
				GCC_PRECOMPILE_PREFIX_HEADER = YES;
				GCC_PREFIX_HEADER = "TrackerSample/TrackerSample-Prefix.pch";
				INFOPLIST_FILE = "TrackerSampleTests/TrackerSampleTests-Info.plist";
				LIBRARY_SEARCH_PATHS = (
					"$(inherited)",
					"\"$(SRCROOT)/../../../../../Library/Developer/Xcode/DerivedData/GeoloqiSDKPrivate-clwesnfylvitoegbvtqkkockrnhe/Build/Products/Debug-iphoneos\"",
				);
				PRODUCT_NAME = "$(TARGET_NAME)";
				TEST_HOST = "$(BUNDLE_LOADER)";
				WRAPPER_EXTENSION = octest;
			};
			name = Debug;
		};
		497121071490755C0046BDA3 /* Release */ = {
			isa = XCBuildConfiguration;
			buildSettings = {
				BUNDLE_LOADER = "$(BUILT_PRODUCTS_DIR)/TrackerSample.app/TrackerSample";
				FRAMEWORK_SEARCH_PATHS = (
					"$(SDKROOT)/Developer/Library/Frameworks",
					"$(DEVELOPER_LIBRARY_DIR)/Frameworks",
				);
				GCC_PRECOMPILE_PREFIX_HEADER = YES;
				GCC_PREFIX_HEADER = "TrackerSample/TrackerSample-Prefix.pch";
				INFOPLIST_FILE = "TrackerSampleTests/TrackerSampleTests-Info.plist";
				LIBRARY_SEARCH_PATHS = (
					"$(inherited)",
					"\"$(SRCROOT)/../../../../../Library/Developer/Xcode/DerivedData/GeoloqiSDKPrivate-clwesnfylvitoegbvtqkkockrnhe/Build/Products/Debug-iphoneos\"",
				);
				PRODUCT_NAME = "$(TARGET_NAME)";
				TEST_HOST = "$(BUNDLE_LOADER)";
				WRAPPER_EXTENSION = octest;
			};
			name = Release;
		};
/* End XCBuildConfiguration section */

/* Begin XCConfigurationList section */
		497120C61490755B0046BDA3 /* Build configuration list for PBXProject "TrackerSample" */ = {
			isa = XCConfigurationList;
			buildConfigurations = (
				497121001490755C0046BDA3 /* Debug */,
				497121011490755C0046BDA3 /* Release */,
			);
			defaultConfigurationIsVisible = 0;
			defaultConfigurationName = Release;
		};
		497121021490755C0046BDA3 /* Build configuration list for PBXNativeTarget "TrackerSample" */ = {
			isa = XCConfigurationList;
			buildConfigurations = (
				497121031490755C0046BDA3 /* Debug */,
				497121041490755C0046BDA3 /* Release */,
			);
			defaultConfigurationIsVisible = 0;
			defaultConfigurationName = Release;
		};
		497121051490755C0046BDA3 /* Build configuration list for PBXNativeTarget "TrackerSampleTests" */ = {
			isa = XCConfigurationList;
			buildConfigurations = (
				497121061490755C0046BDA3 /* Debug */,
				497121071490755C0046BDA3 /* Release */,
			);
			defaultConfigurationIsVisible = 0;
			defaultConfigurationName = Release;
		};
/* End XCConfigurationList section */
	};
	rootObject = 497120C31490755B0046BDA3 /* Project object */;
}
